version = 1
revision = 1
requires-python = ">=3.10"
resolution-markers = [
    "python_full_version >= '3.11'",
    "python_full_version < '3.11'",
]

[[package]]
name = "asttokens"
version = "3.0.0"
source = { registry = "https://pypi.org/simple" }
sdist = { url = "https://files.pythonhosted.org/packages/4a/e7/82da0a03e7ba5141f05cce0d302e6eed121ae055e0456ca228bf693984bc/asttokens-3.0.0.tar.gz", hash = "sha256:0dcd8baa8d62b0c1d118b399b2ddba3c4aff271d0d7a9e0d4c1681c79035bbc7", size = 61978 }
wheels = [
    { url = "https://files.pythonhosted.org/packages/25/8a/c46dcc25341b5bce5472c718902eb3d38600a903b14fa6aeecef3f21a46f/asttokens-3.0.0-py3-none-any.whl", hash = "sha256:e3078351a059199dd5138cb1c706e6430c05eff2ff136af5eb4790f9d28932e2", size = 26918 },
]

[[package]]
name = "colorama"
version = "0.4.6"
source = { registry = "https://pypi.org/simple" }
sdist = { url = "https://files.pythonhosted.org/packages/d8/53/6f443c9a4a8358a93a6792e2acffb9d9d5cb0a5cfd8802644b7b1c9a02e4/colorama-0.4.6.tar.gz", hash = "sha256:08695f5cb7ed6e0531a20572697297273c47b8cae5a63ffc6d6ed5c201be6e44", size = 27697 }
wheels = [
    { url = "https://files.pythonhosted.org/packages/d1/d6/3965ed04c63042e047cb6a3e6ed1a63a35087b6a609aa3a15ed8ac56c221/colorama-0.4.6-py2.py3-none-any.whl", hash = "sha256:4f1d9991f5acc0ca119f9d443620b77f9d6b33703e51011c16baf57afb285fc6", size = 25335 },
]

[[package]]
name = "comm"
version = "0.2.2"
source = { registry = "https://pypi.org/simple" }
dependencies = [
    { name = "traitlets" },
]
sdist = { url = "https://files.pythonhosted.org/packages/e9/a8/fb783cb0abe2b5fded9f55e5703015cdf1c9c85b3669087c538dd15a6a86/comm-0.2.2.tar.gz", hash = "sha256:3fd7a84065306e07bea1773df6eb8282de51ba82f77c72f9c85716ab11fe980e", size = 6210 }
wheels = [
    { url = "https://files.pythonhosted.org/packages/e6/75/49e5bfe642f71f272236b5b2d2691cf915a7283cc0ceda56357b61daa538/comm-0.2.2-py3-none-any.whl", hash = "sha256:e6fb86cb70ff661ee8c9c14e7d36d6de3b4066f1441be4063df9c5009f0a64d3", size = 7180 },
]

[[package]]
name = "decorator"
version = "5.2.1"
source = { registry = "https://pypi.org/simple" }
sdist = { url = "https://files.pythonhosted.org/packages/43/fa/6d96a0978d19e17b68d634497769987b16c8f4cd0a7a05048bec693caa6b/decorator-5.2.1.tar.gz", hash = "sha256:65f266143752f734b0a7cc83c46f4618af75b8c5911b00ccb61d0ac9b6da0360", size = 56711 }
wheels = [
    { url = "https://files.pythonhosted.org/packages/4e/8c/f3147f5c4b73e7550fe5f9352eaa956ae838d5c51eb58e7a25b9f3e2643b/decorator-5.2.1-py3-none-any.whl", hash = "sha256:d316bb415a2d9e2d2b3abcc4084c6502fc09240e292cd76a76afc106a1c8e04a", size = 9190 },
]

[[package]]
name = "exceptiongroup"
version = "1.2.2"
source = { registry = "https://pypi.org/simple" }
sdist = { url = "https://files.pythonhosted.org/packages/09/35/2495c4ac46b980e4ca1f6ad6db102322ef3ad2410b79fdde159a4b0f3b92/exceptiongroup-1.2.2.tar.gz", hash = "sha256:47c2edf7c6738fafb49fd34290706d1a1a2f4d1c6df275526b62cbb4aa5393cc", size = 28883 }
wheels = [
    { url = "https://files.pythonhosted.org/packages/02/cc/b7e31358aac6ed1ef2bb790a9746ac2c69bcb3c8588b41616914eb106eaf/exceptiongroup-1.2.2-py3-none-any.whl", hash = "sha256:3111b9d131c238bec2f8f516e123e14ba243563fb135d3fe885990585aa7795b", size = 16453 },
]

[[package]]
name = "executing"
version = "2.2.0"
source = { registry = "https://pypi.org/simple" }
sdist = { url = "https://files.pythonhosted.org/packages/91/50/a9d80c47ff289c611ff12e63f7c5d13942c65d68125160cefd768c73e6e4/executing-2.2.0.tar.gz", hash = "sha256:5d108c028108fe2551d1a7b2e8b713341e2cb4fc0aa7dcf966fa4327a5226755", size = 978693 }
wheels = [
    { url = "https://files.pythonhosted.org/packages/7b/8f/c4d9bafc34ad7ad5d8dc16dd1347ee0e507a52c3adb6bfa8887e1c6a26ba/executing-2.2.0-py2.py3-none-any.whl", hash = "sha256:11387150cad388d62750327a53d3339fad4888b39a6fe233c3afbb54ecffd3aa", size = 26702 },
]

[[package]]
name = "ipyevents"
version = "2.0.2"
source = { registry = "https://pypi.org/simple" }
dependencies = [
    { name = "ipywidgets" },
]
sdist = { url = "https://files.pythonhosted.org/packages/85/d8/254c3d2ed96b2c562d3a0365909a20a5faa40c5d55ca2b403cdf008a9c90/ipyevents-2.0.2.tar.gz", hash = "sha256:26e878b0c5854bc8b6bd6a2bd2c89b314ebe86fda642f4d2434051545bab258f", size = 227253 }
wheels = [
    { url = "https://files.pythonhosted.org/packages/af/49/5692d363a82838282f5c33a787922f07115d7ba4b452391e51db95c9d247/ipyevents-2.0.2-py3-none-any.whl", hash = "sha256:60c2a9e992bdc41e8577aa27e57b124efafa48a59a3bff886029fe5700d546b3", size = 101789 },
]

[[package]]
name = "ipython"
version = "8.34.0"
source = { registry = "https://pypi.org/simple" }
resolution-markers = [
    "python_full_version < '3.11'",
]
dependencies = [
    { name = "colorama", marker = "python_full_version < '3.11' and sys_platform == 'win32'" },
    { name = "decorator", marker = "python_full_version < '3.11'" },
    { name = "exceptiongroup", marker = "python_full_version < '3.11'" },
    { name = "jedi", marker = "python_full_version < '3.11'" },
    { name = "matplotlib-inline", marker = "python_full_version < '3.11'" },
    { name = "pexpect", marker = "python_full_version < '3.11' and sys_platform != 'emscripten' and sys_platform != 'win32'" },
    { name = "prompt-toolkit", marker = "python_full_version < '3.11'" },
    { name = "pygments", marker = "python_full_version < '3.11'" },
    { name = "stack-data", marker = "python_full_version < '3.11'" },
    { name = "traitlets", marker = "python_full_version < '3.11'" },
    { name = "typing-extensions", marker = "python_full_version < '3.11'" },
]
sdist = { url = "https://files.pythonhosted.org/packages/13/18/1a60aa62e9d272fcd7e658a89e1c148da10e1a5d38edcbcd834b52ca7492/ipython-8.34.0.tar.gz", hash = "sha256:c31d658e754673ecc6514583e7dda8069e47136eb62458816b7d1e6625948b5a", size = 5508477 }
wheels = [
    { url = "https://files.pythonhosted.org/packages/04/78/45615356bb973904856808183ae2a5fba1f360e9d682314d79766f4b88f2/ipython-8.34.0-py3-none-any.whl", hash = "sha256:0419883fa46e0baa182c5d50ebb8d6b49df1889fdb70750ad6d8cfe678eda6e3", size = 826731 },
]

[[package]]
name = "ipython"
version = "9.0.2"
source = { registry = "https://pypi.org/simple" }
resolution-markers = [
    "python_full_version >= '3.11'",
]
dependencies = [
    { name = "colorama", marker = "python_full_version >= '3.11' and sys_platform == 'win32'" },
    { name = "decorator", marker = "python_full_version >= '3.11'" },
    { name = "ipython-pygments-lexers", marker = "python_full_version >= '3.11'" },
    { name = "jedi", marker = "python_full_version >= '3.11'" },
    { name = "matplotlib-inline", marker = "python_full_version >= '3.11'" },
    { name = "pexpect", marker = "python_full_version >= '3.11' and sys_platform != 'emscripten' and sys_platform != 'win32'" },
    { name = "prompt-toolkit", marker = "python_full_version >= '3.11'" },
    { name = "pygments", marker = "python_full_version >= '3.11'" },
    { name = "stack-data", marker = "python_full_version >= '3.11'" },
    { name = "traitlets", marker = "python_full_version >= '3.11'" },
    { name = "typing-extensions", marker = "python_full_version == '3.11.*'" },
]
sdist = { url = "https://files.pythonhosted.org/packages/7d/ce/012a0f40ca58a966f87a6e894d6828e2817657cbdf522b02a5d3a87d92ce/ipython-9.0.2.tar.gz", hash = "sha256:ec7b479e3e5656bf4f58c652c120494df1820f4f28f522fb7ca09e213c2aab52", size = 4366102 }
wheels = [
    { url = "https://files.pythonhosted.org/packages/20/3a/917cb9e72f4e1a4ea13c862533205ae1319bd664119189ee5cc9e4e95ebf/ipython-9.0.2-py3-none-any.whl", hash = "sha256:143ef3ea6fb1e1bffb4c74b114051de653ffb7737a3f7ab1670e657ca6ae8c44", size = 600524 },
]

[[package]]
name = "ipython-pygments-lexers"
version = "1.1.1"
source = { registry = "https://pypi.org/simple" }
dependencies = [
    { name = "pygments", marker = "python_full_version >= '3.11'" },
]
sdist = { url = "https://files.pythonhosted.org/packages/ef/4c/5dd1d8af08107f88c7f741ead7a40854b8ac24ddf9ae850afbcf698aa552/ipython_pygments_lexers-1.1.1.tar.gz", hash = "sha256:09c0138009e56b6854f9535736f4171d855c8c08a563a0dcd8022f78355c7e81", size = 8393 }
wheels = [
    { url = "https://files.pythonhosted.org/packages/d9/33/1f075bf72b0b747cb3288d011319aaf64083cf2efef8354174e3ed4540e2/ipython_pygments_lexers-1.1.1-py3-none-any.whl", hash = "sha256:a9462224a505ade19a605f71f8fa63c2048833ce50abc86768a0d81d876dc81c", size = 8074 },
]

[[package]]
name = "ipyvue"
version = "1.11.2"
source = { registry = "https://pypi.org/simple" }
dependencies = [
    { name = "ipywidgets" },
]
sdist = { url = "https://files.pythonhosted.org/packages/f8/c7/fc11a2b3e9114190504a18d0e661230de2ea165f0a47ab835c69e86a40ef/ipyvue-1.11.2.tar.gz", hash = "sha256:3b1381bd120184f970a5d66deac33b8592a666c8e1ab7a5afd33ecff342e0a95", size = 1741459 }
wheels = [
    { url = "https://files.pythonhosted.org/packages/0a/c5/226ff8aaf6248edf16246498d7885805e2c8b122631ac133130b0612b1ad/ipyvue-1.11.2-py2.py3-none-any.whl", hash = "sha256:e009efa97ec223c4833a6c8ef3a473385d767ff69518ff94f107400517333353", size = 2666202 },
]

[[package]]
name = "ipyvuetable"
version = "0.7.17"
source = { editable = "." }
dependencies = [
    { name = "ipyvuetify" },
    { name = "polars" },
]

[package.optional-dependencies]
ipyevents = [
    { name = "ipyevents" },
]

[package.metadata]
requires-dist = [
    { name = "ipyevents", marker = "extra == 'ipyevents'" },
    { name = "ipyvuetify" },
    { name = "polars" },
]
provides-extras = ["ipyevents"]

[[package]]
name = "ipyvuetify"
version = "1.11.1"
source = { registry = "https://pypi.org/simple" }
dependencies = [
    { name = "ipyvue" },
]
sdist = { url = "https://files.pythonhosted.org/packages/24/c8/b2046fa71f3872846934ffae9cfce1ef18379f431c1af20ce022a657feef/ipyvuetify-1.11.1.tar.gz", hash = "sha256:be8003e99ad42f6563c778cc60408484fb5d7dfb17952b94db05aedd2f0da18b", size = 7587552 }
wheels = [
    { url = "https://files.pythonhosted.org/packages/59/a9/9a156fd53c9939f753a6858a0ec3a28c8264f383a2dd7ace5debd39182c4/ipyvuetify-1.11.1-py2.py3-none-any.whl", hash = "sha256:c1d018d994cc670c3c9804b3d75f377da28e3beb54dfcd7d39dcdbe867def69e", size = 7701528 },
]

[[package]]
name = "ipywidgets"
version = "8.1.5"
source = { registry = "https://pypi.org/simple" }
dependencies = [
    { name = "comm" },
    { name = "ipython", version = "8.34.0", source = { registry = "https://pypi.org/simple" }, marker = "python_full_version < '3.11'" },
    { name = "ipython", version = "9.0.2", source = { registry = "https://pypi.org/simple" }, marker = "python_full_version >= '3.11'" },
    { name = "jupyterlab-widgets" },
    { name = "traitlets" },
    { name = "widgetsnbextension" },
]
sdist = { url = "https://files.pythonhosted.org/packages/c7/4c/dab2a281b07596a5fc220d49827fe6c794c66f1493d7a74f1df0640f2cc5/ipywidgets-8.1.5.tar.gz", hash = "sha256:870e43b1a35656a80c18c9503bbf2d16802db1cb487eec6fab27d683381dde17", size = 116723 }
wheels = [
    { url = "https://files.pythonhosted.org/packages/22/2d/9c0b76f2f9cc0ebede1b9371b6f317243028ed60b90705863d493bae622e/ipywidgets-8.1.5-py3-none-any.whl", hash = "sha256:3290f526f87ae6e77655555baba4f36681c555b8bdbbff430b70e52c34c86245", size = 139767 },
]

[[package]]
name = "jedi"
version = "0.19.2"
source = { registry = "https://pypi.org/simple" }
dependencies = [
    { name = "parso" },
]
sdist = { url = "https://files.pythonhosted.org/packages/72/3a/79a912fbd4d8dd6fbb02bf69afd3bb72cf0c729bb3063c6f4498603db17a/jedi-0.19.2.tar.gz", hash = "sha256:4770dc3de41bde3966b02eb84fbcf557fb33cce26ad23da12c742fb50ecb11f0", size = 1231287 }
wheels = [
    { url = "https://files.pythonhosted.org/packages/c0/5a/9cac0c82afec3d09ccd97c8b6502d48f165f9124db81b4bcb90b4af974ee/jedi-0.19.2-py2.py3-none-any.whl", hash = "sha256:a8ef22bde8490f57fe5c7681a3c83cb58874daf72b4784de3cce5b6ef6edb5b9", size = 1572278 },
]

[[package]]
name = "jupyterlab-widgets"
version = "3.0.13"
source = { registry = "https://pypi.org/simple" }
sdist = { url = "https://files.pythonhosted.org/packages/59/73/fa26bbb747a9ea4fca6b01453aa22990d52ab62dd61384f1ac0dc9d4e7ba/jupyterlab_widgets-3.0.13.tar.gz", hash = "sha256:a2966d385328c1942b683a8cd96b89b8dd82c8b8f81dda902bb2bc06d46f5bed", size = 203556 }
wheels = [
    { url = "https://files.pythonhosted.org/packages/a9/93/858e87edc634d628e5d752ba944c2833133a28fa87bb093e6832ced36a3e/jupyterlab_widgets-3.0.13-py3-none-any.whl", hash = "sha256:e3cda2c233ce144192f1e29914ad522b2f4c40e77214b0cc97377ca3d323db54", size = 214392 },
]

[[package]]
name = "matplotlib-inline"
version = "0.1.7"
source = { registry = "https://pypi.org/simple" }
dependencies = [
    { name = "traitlets" },
]
sdist = { url = "https://files.pythonhosted.org/packages/99/5b/a36a337438a14116b16480db471ad061c36c3694df7c2084a0da7ba538b7/matplotlib_inline-0.1.7.tar.gz", hash = "sha256:8423b23ec666be3d16e16b60bdd8ac4e86e840ebd1dd11a30b9f117f2fa0ab90", size = 8159 }
wheels = [
    { url = "https://files.pythonhosted.org/packages/8f/8e/9ad090d3553c280a8060fbf6e24dc1c0c29704ee7d1c372f0c174aa59285/matplotlib_inline-0.1.7-py3-none-any.whl", hash = "sha256:df192d39a4ff8f21b1895d72e6a13f5fcc5099f00fa84384e0ea28c2cc0653ca", size = 9899 },
]

[[package]]
name = "parso"
version = "0.8.4"
source = { registry = "https://pypi.org/simple" }
sdist = { url = "https://files.pythonhosted.org/packages/66/94/68e2e17afaa9169cf6412ab0f28623903be73d1b32e208d9e8e541bb086d/parso-0.8.4.tar.gz", hash = "sha256:eb3a7b58240fb99099a345571deecc0f9540ea5f4dd2fe14c2a99d6b281ab92d", size = 400609 }
wheels = [
    { url = "https://files.pythonhosted.org/packages/c6/ac/dac4a63f978e4dcb3c6d3a78c4d8e0192a113d288502a1216950c41b1027/parso-0.8.4-py2.py3-none-any.whl", hash = "sha256:a418670a20291dacd2dddc80c377c5c3791378ee1e8d12bffc35420643d43f18", size = 103650 },
]

[[package]]
name = "pexpect"
version = "4.9.0"
source = { registry = "https://pypi.org/simple" }
dependencies = [
    { name = "ptyprocess" },
]
sdist = { url = "https://files.pythonhosted.org/packages/42/92/cc564bf6381ff43ce1f4d06852fc19a2f11d180f23dc32d9588bee2f149d/pexpect-4.9.0.tar.gz", hash = "sha256:ee7d41123f3c9911050ea2c2dac107568dc43b2d3b0c7557a33212c398ead30f", size = 166450 }
wheels = [
    { url = "https://files.pythonhosted.org/packages/9e/c3/059298687310d527a58bb01f3b1965787ee3b40dce76752eda8b44e9a2c5/pexpect-4.9.0-py2.py3-none-any.whl", hash = "sha256:7236d1e080e4936be2dc3e326cec0af72acf9212a7e1d060210e70a47e253523", size = 63772 },
]

[[package]]
name = "polars"
version = "1.26.0"
source = { registry = "https://pypi.org/simple" }
sdist = { url = "https://files.pythonhosted.org/packages/72/c2/56a750b82e74c5af7b821215eab3ee992d9ef11310dad353f5b2086ef7db/polars-1.26.0.tar.gz", hash = "sha256:b5492d38e5ec2ae6a8853833c5a31549194a361b901134fc5f2f57b49bd563ea", size = 4522991 }
wheels = [
    { url = "https://files.pythonhosted.org/packages/4a/99/ce4427576a6134504e6dd58f5d411d55b228a05950c5fff5b75e90263cb1/polars-1.26.0-cp39-abi3-macosx_10_12_x86_64.whl", hash = "sha256:2afefcd356608981b2e15d46df9ddaa6e77f36095ebeb73c3261e198bd51c925", size = 34767938 },
    { url = "https://files.pythonhosted.org/packages/e3/0a/5c9455ff271c3583bf0fd505911e5787ca7bc0f247968853cb6dcfbedffb/polars-1.26.0-cp39-abi3-macosx_11_0_arm64.whl", hash = "sha256:587eb3c5000423eb20be998f523e605ddba0d3c598ba4a7e2a4d0b92b1fd2a7e", size = 31612374 },
    { url = "https://files.pythonhosted.org/packages/6c/0a/c9e388b35533fc1827eaeb0f3940ba0a1058511bf77aaa689ebb1b0bef88/polars-1.26.0-cp39-abi3-manylinux_2_17_x86_64.manylinux2014_x86_64.whl", hash = "sha256:66c30f4b7e060c2e7f3a45d6ac94ab3b179831a2f1e629401bf7912d54311529", size = 35404704 },
    { url = "https://files.pythonhosted.org/packages/e6/eb/b420131563a42ac0866224aa6284a356107d036c32d825c5478767a1446e/polars-1.26.0-cp39-abi3-manylinux_2_24_aarch64.whl", hash = "sha256:110d6987d37ae954a5ef16d739fb717df9d39b144790d12d98fb3e72ed35621c", size = 32569800 },
    { url = "https://files.pythonhosted.org/packages/e9/8d/b28ae5d63a4bafdfe81d132efc6b8d076ef2c866ecbf5d24ca3b1f53b88b/polars-1.26.0-cp39-abi3-win_amd64.whl", hash = "sha256:189a58aaf393003515fa6d83e2dea815a2b448265f2007a926274ed12672583c", size = 35617074 },
    { url = "https://files.pythonhosted.org/packages/af/21/7a76c58203f0806cb5b1155e4994693e618d4de5ca6a34388ae85267ccc4/polars-1.26.0-cp39-abi3-win_arm64.whl", hash = "sha256:58db2dce39cad5f8fc8e8c5c923a250eb21eff4146b03514d570d1c205a4874c", size = 31895936 },
]

[[package]]
name = "prompt-toolkit"
version = "3.0.50"
source = { registry = "https://pypi.org/simple" }
dependencies = [
    { name = "wcwidth" },
]
sdist = { url = "https://files.pythonhosted.org/packages/a1/e1/bd15cb8ffdcfeeb2bdc215de3c3cffca11408d829e4b8416dcfe71ba8854/prompt_toolkit-3.0.50.tar.gz", hash = "sha256:544748f3860a2623ca5cd6d2795e7a14f3d0e1c3c9728359013f79877fc89bab", size = 429087 }
wheels = [
    { url = "https://files.pythonhosted.org/packages/e4/ea/d836f008d33151c7a1f62caf3d8dd782e4d15f6a43897f64480c2b8de2ad/prompt_toolkit-3.0.50-py3-none-any.whl", hash = "sha256:9b6427eb19e479d98acff65196a307c555eb567989e6d88ebbb1b509d9779198", size = 387816 },
]

[[package]]
name = "ptyprocess"
version = "0.7.0"
source = { registry = "https://pypi.org/simple" }
sdist = { url = "https://files.pythonhosted.org/packages/20/e5/16ff212c1e452235a90aeb09066144d0c5a6a8c0834397e03f5224495c4e/ptyprocess-0.7.0.tar.gz", hash = "sha256:5c5d0a3b48ceee0b48485e0c26037c0acd7d29765ca3fbb5cb3831d347423220", size = 70762 }
wheels = [
    { url = "https://files.pythonhosted.org/packages/22/a6/858897256d0deac81a172289110f31629fc4cee19b6f01283303e18c8db3/ptyprocess-0.7.0-py2.py3-none-any.whl", hash = "sha256:4b41f3967fce3af57cc7e94b888626c18bf37a083e3651ca8feeb66d492fef35", size = 13993 },
]

[[package]]
name = "pure-eval"
version = "0.2.3"
source = { registry = "https://pypi.org/simple" }
sdist = { url = "https://files.pythonhosted.org/packages/cd/05/0a34433a064256a578f1783a10da6df098ceaa4a57bbeaa96a6c0352786b/pure_eval-0.2.3.tar.gz", hash = "sha256:5f4e983f40564c576c7c8635ae88db5956bb2229d7e9237d03b3c0b0190eaf42", size = 19752 }
wheels = [
    { url = "https://files.pythonhosted.org/packages/8e/37/efad0257dc6e593a18957422533ff0f87ede7c9c6ea010a2177d738fb82f/pure_eval-0.2.3-py3-none-any.whl", hash = "sha256:1db8e35b67b3d218d818ae653e27f06c3aa420901fa7b081ca98cbedc874e0d0", size = 11842 },
]

[[package]]
name = "pygments"
version = "2.19.1"
source = { registry = "https://pypi.org/simple" }
sdist = { url = "https://files.pythonhosted.org/packages/7c/2d/c3338d48ea6cc0feb8446d8e6937e1408088a72a39937982cc6111d17f84/pygments-2.19.1.tar.gz", hash = "sha256:61c16d2a8576dc0649d9f39e089b5f02bcd27fba10d8fb4dcc28173f7a45151f", size = 4968581 }
wheels = [
    { url = "https://files.pythonhosted.org/packages/8a/0b/9fcc47d19c48b59121088dd6da2488a49d5f72dacf8262e2790a1d2c7d15/pygments-2.19.1-py3-none-any.whl", hash = "sha256:9ea1544ad55cecf4b8242fab6dd35a93bbce657034b0611ee383099054ab6d8c", size = 1225293 },
]

[[package]]
name = "stack-data"
version = "0.6.3"
source = { registry = "https://pypi.org/simple" }
dependencies = [
    { name = "asttokens" },
    { name = "executing" },
    { name = "pure-eval" },
]
sdist = { url = "https://files.pythonhosted.org/packages/28/e3/55dcc2cfbc3ca9c29519eb6884dd1415ecb53b0e934862d3559ddcb7e20b/stack_data-0.6.3.tar.gz", hash = "sha256:836a778de4fec4dcd1dcd89ed8abff8a221f58308462e1c4aa2a3cf30148f0b9", size = 44707 }
wheels = [
    { url = "https://files.pythonhosted.org/packages/f1/7b/ce1eafaf1a76852e2ec9b22edecf1daa58175c090266e9f6c64afcd81d91/stack_data-0.6.3-py3-none-any.whl", hash = "sha256:d5558e0c25a4cb0853cddad3d77da9891a08cb85dd9f9f91b9f8cd66e511e695", size = 24521 },
]

[[package]]
name = "traitlets"
version = "5.14.3"
source = { registry = "https://pypi.org/simple" }
sdist = { url = "https://files.pythonhosted.org/packages/eb/79/72064e6a701c2183016abbbfedaba506d81e30e232a68c9f0d6f6fcd1574/traitlets-5.14.3.tar.gz", hash = "sha256:9ed0579d3502c94b4b3732ac120375cda96f923114522847de4b3bb98b96b6b7", size = 161621 }
wheels = [
    { url = "https://files.pythonhosted.org/packages/00/c0/8f5d070730d7836adc9c9b6408dec68c6ced86b304a9b26a14df072a6e8c/traitlets-5.14.3-py3-none-any.whl", hash = "sha256:b74e89e397b1ed28cc831db7aea759ba6640cb3de13090ca145426688ff1ac4f", size = 85359 },
]

[[package]]
name = "typing-extensions"
version = "4.12.2"
source = { registry = "https://pypi.org/simple" }
sdist = { url = "https://files.pythonhosted.org/packages/df/db/f35a00659bc03fec321ba8bce9420de607a1d37f8342eee1863174c69557/typing_extensions-4.12.2.tar.gz", hash = "sha256:1a7ead55c7e559dd4dee8856e3a88b41225abfe1ce8df57b7c13915fe121ffb8", size = 85321 }
wheels = [
    { url = "https://files.pythonhosted.org/packages/26/9f/ad63fc0248c5379346306f8668cda6e2e2e9c95e01216d2b8ffd9ff037d0/typing_extensions-4.12.2-py3-none-any.whl", hash = "sha256:04e5ca0351e0f3f85c6853954072df659d0d13fac324d0072316b67d7794700d", size = 37438 },
]

[[package]]
name = "wcwidth"
version = "0.2.13"
source = { registry = "https://pypi.org/simple" }
sdist = { url = "https://files.pythonhosted.org/packages/6c/63/53559446a878410fc5a5974feb13d31d78d752eb18aeba59c7fef1af7598/wcwidth-0.2.13.tar.gz", hash = "sha256:72ea0c06399eb286d978fdedb6923a9eb47e1c486ce63e9b4e64fc18303972b5", size = 101301 }
wheels = [
    { url = "https://files.pythonhosted.org/packages/fd/84/fd2ba7aafacbad3c4201d395674fc6348826569da3c0937e75505ead3528/wcwidth-0.2.13-py2.py3-none-any.whl", hash = "sha256:3da69048e4540d84af32131829ff948f1e022c1c6bdb8d6102117aac784f6859", size = 34166 },
]

[[package]]
name = "widgetsnbextension"
version = "4.0.13"
source = { registry = "https://pypi.org/simple" }
sdist = { url = "https://files.pythonhosted.org/packages/56/fc/238c424fd7f4ebb25f8b1da9a934a3ad7c848286732ae04263661eb0fc03/widgetsnbextension-4.0.13.tar.gz", hash = "sha256:ffcb67bc9febd10234a362795f643927f4e0c05d9342c727b65d2384f8feacb6", size = 1164730 }
wheels = [
    { url = "https://files.pythonhosted.org/packages/21/02/88b65cc394961a60c43c70517066b6b679738caf78506a5da7b88ffcb643/widgetsnbextension-4.0.13-py3-none-any.whl", hash = "sha256:74b2692e8500525cc38c2b877236ba51d34541e6385eeed5aec15a70f88a6c71", size = 2335872 },
]
